<?xml version="1.0" encoding="utf-8"?>
<Project ToolsVersion="4.0" xmlns="http://schemas.microsoft.com/developer/msbuild/2003">
  <ItemGroup>
    <Filter Include="Source Files">
      <UniqueIdentifier>{b4208f75-4918-4326-a42a-6382e6b7a77b}</UniqueIdentifier>
      <Extensions>cpp;c;cxx;rc;def;r;odl;idl;hpj;bat</Extensions>
    </Filter>
    <Filter Include="Header Files">
      <UniqueIdentifier>{5be0c275-30f2-4c3a-af24-949be79568c4}</UniqueIdentifier>
      <Extensions>h;hpp;hxx;hm;inl</Extensions>
    </Filter>
    <Filter Include="Resource Files">
      <UniqueIdentifier>{bb7e590a-9966-4e46-90e3-31085b0f1475}</UniqueIdentifier>
      <Extensions>ico;cur;bmp;dlg;rc2;rct;bin;rgs;gif;jpg;jpeg;jpe</Extensions>
    </Filter>
  </ItemGroup>
  <ItemGroup>
    <ClCompile Include="..\tstmcs8.c">
      <Filter>Source Files</Filter>
    </ClCompile>
  </ItemGroup>
  <ItemGroup>
    <ClInclude Include="..\dmcs6.h">
      <Filter>Header Files</Filter>
    </ClInclude>
    <ClInclude Include="..\STRUCT.H">
      <Filter>Header Files</Filter>
    </ClInclude>
    <ClInclude Include="..\scaler.h">
      <Filter>Header Files</Filter>
    </ClInclude>
    <ClInclude Include="..\dmcs8.h">
      <Filter>Header Files</Filter>
    </ClInclude>
  </ItemGroup>
</Project>